
Microsoft Visual Studio Solution File, Format Version 12.00
Project("{FAE04EC0-301F-11D3-BF4B-00C04F79EFBC}") = "MVLibraryNET", "MVLibraryNET\MVLibraryNET.csproj", "{A37C13DB-85D5-4823-BE50-B82373F941B2}"
EndProject
Project("{FAE04EC0-301F-11D3-BF4B-00C04F79EFBC}") = "MVLibraryNET.CLI", "MVLibraryNET.CLI\MVLibraryNET.CLI.csproj", "{D2880B6E-8508-4C45-A3EA-58FA1D00B6F7}"
EndProject
Project("{FAE04EC0-301F-11D3-BF4B-00C04F79EFBC}") = "MVLibrary.GUI", "MVLibrary.GUI\MVLibrary.GUI.csproj", "{EE16FC03-4228-4B0F-92CF-D2BDC901F42B}"
EndProject
Global
	GlobalSection(SolutionConfigurationPlatforms) = preSolution
		Debug|Any CPU = Debug|Any CPU
		Release|Any CPU = Release|Any CPU
	EndGlobalSection
	GlobalSection(ProjectConfigurationPlatforms) = postSolution
		{A37C13DB-85D5-4823-BE50-B82373F941B2}.Debug|Any CPU.ActiveCfg = Debug|Any CPU
		{A37C13DB-85D5-4823-BE50-B82373F941B2}.Debug|Any CPU.Build.0 = Debug|Any CPU
		{A37C13DB-85D5-4823-BE50-B82373F941B2}.Release|Any CPU.ActiveCfg = Release|Any CPU
		{A37C13DB-85D5-4823-BE50-B82373F941B2}.Release|Any CPU.Build.0 = Release|Any CPU
		{D2880B6E-8508-4C45-A3EA-58FA1D00B6F7}.Debug|Any CPU.ActiveCfg = Debug|Any CPU
		{D2880B6E-8508-4C45-A3EA-58FA1D00B6F7}.Debug|Any CPU.Build.0 = Debug|Any CPU
		{D2880B6E-8508-4C45-A3EA-58FA1D00B6F7}.Release|Any CPU.ActiveCfg = Release|Any CPU
		{D2880B6E-8508-4C45-A3EA-58FA1D00B6F7}.Release|Any CPU.Build.0 = Release|Any CPU
		{EE16FC03-4228-4B0F-92CF-D2BDC901F42B}.Debug|Any CPU.ActiveCfg = Debug|Any CPU
		{EE16FC03-4228-4B0F-92CF-D2BDC901F42B}.Debug|Any CPU.Build.0 = Debug|Any CPU
		{EE16FC03-4228-4B0F-92CF-D2BDC901F42B}.Release|Any CPU.ActiveCfg = Release|Any CPU
		{EE16FC03-4228-4B0F-92CF-D2BDC901F42B}.Release|Any CPU.Build.0 = Release|Any CPU
	EndGlobalSection
EndGlobal
