
Microsoft Visual Studio Solution File, Format Version 12.00
Project("{FAE04EC0-301F-11D3-BF4B-00C04F79EFBC}") = "MVLibraryNET", "MVLibraryNET\MVLibraryNET.csproj", "{A37C13DB-85D5-4823-BE50-B82373F941B2}"
EndProject
Project("{FAE04EC0-301F-11D3-BF4B-00C04F79EFBC}") = "MVLibraryNET.CLI", "MVLibraryNET.CLI\MVLibraryNET.CLI.csproj", "{D2880B6E-8508-4C45-A3EA-58FA1D00B6F7}"
EndProject
Project("{FAE04EC0-301F-11D3-BF4B-00C04F79EFBC}") = "MVLibraryNET.GUI", "MVLibraryNET.GUI\MVLibraryNET.GUI.csproj", "{EE16FC03-4228-4B0F-92CF-D2BDC901F42B}"
EndProject
Project("{FAE04EC0-301F-11D3-BF4B-00C04F79EFBC}") = "MVLibraryNET.Definitions", "MVLibraryNET.Definitions\MVLibraryNET.Definitions.csproj", "{22A6B4EF-F052-43E6-93E0-2875C5ABF94C}"
EndProject
Project("{FAE04EC0-301F-11D3-BF4B-00C04F79EFBC}") = "MVLibraryNET.Tests", "MVLibraryNET.Tests\MVLibraryNET.Tests.csproj", "{B52CDC52-BFA9-4465-8586-1C2FC6BB0739}"
EndProject
Global
	GlobalSection(SolutionConfigurationPlatforms) = preSolution
		Debug|Any CPU = Debug|Any CPU
		Release|Any CPU = Release|Any CPU
	EndGlobalSection
	GlobalSection(ProjectConfigurationPlatforms) = postSolution
		{A37C13DB-85D5-4823-BE50-B82373F941B2}.Debug|Any CPU.ActiveCfg = Debug|Any CPU
		{A37C13DB-85D5-4823-BE50-B82373F941B2}.Debug|Any CPU.Build.0 = Debug|Any CPU
		{A37C13DB-85D5-4823-BE50-B82373F941B2}.Release|Any CPU.ActiveCfg = Release|Any CPU
		{A37C13DB-85D5-4823-BE50-B82373F941B2}.Release|Any CPU.Build.0 = Release|Any CPU
		{D2880B6E-8508-4C45-A3EA-58FA1D00B6F7}.Debug|Any CPU.ActiveCfg = Debug|Any CPU
		{D2880B6E-8508-4C45-A3EA-58FA1D00B6F7}.Debug|Any CPU.Build.0 = Debug|Any CPU
		{D2880B6E-8508-4C45-A3EA-58FA1D00B6F7}.Release|Any CPU.ActiveCfg = Release|Any CPU
		{D2880B6E-8508-4C45-A3EA-58FA1D00B6F7}.Release|Any CPU.Build.0 = Release|Any CPU
		{EE16FC03-4228-4B0F-92CF-D2BDC901F42B}.Debug|Any CPU.ActiveCfg = Debug|Any CPU
		{EE16FC03-4228-4B0F-92CF-D2BDC901F42B}.Debug|Any CPU.Build.0 = Debug|Any CPU
		{EE16FC03-4228-4B0F-92CF-D2BDC901F42B}.Release|Any CPU.ActiveCfg = Release|Any CPU
		{EE16FC03-4228-4B0F-92CF-D2BDC901F42B}.Release|Any CPU.Build.0 = Release|Any CPU
		{22A6B4EF-F052-43E6-93E0-2875C5ABF94C}.Debug|Any CPU.ActiveCfg = Debug|Any CPU
		{22A6B4EF-F052-43E6-93E0-2875C5ABF94C}.Debug|Any CPU.Build.0 = Debug|Any CPU
		{22A6B4EF-F052-43E6-93E0-2875C5ABF94C}.Release|Any CPU.ActiveCfg = Release|Any CPU
		{22A6B4EF-F052-43E6-93E0-2875C5ABF94C}.Release|Any CPU.Build.0 = Release|Any CPU
		{B52CDC52-BFA9-4465-8586-1C2FC6BB0739}.Debug|Any CPU.ActiveCfg = Debug|Any CPU
		{B52CDC52-BFA9-4465-8586-1C2FC6BB0739}.Debug|Any CPU.Build.0 = Debug|Any CPU
		{B52CDC52-BFA9-4465-8586-1C2FC6BB0739}.Release|Any CPU.ActiveCfg = Release|Any CPU
		{B52CDC52-BFA9-4465-8586-1C2FC6BB0739}.Release|Any CPU.Build.0 = Release|Any CPU
	EndGlobalSection
EndGlobal
